<?xml version="1.0" encoding="UTF-8" standalone="yes" ?>
<CodeBlocks_project_file>
	<FileVersion major="1" minor="6" />
	<Project>
		<Option title="vemc" />
		<Option makefile_is_custom="1" />
		<Option pch_mode="2" />
		<Option compiler="gcc" />
		<Option virtualFolders="etc/;core/;core/;core/etc/;docs/;core/src/;core/src/universe/;core/src/object/;core/src/random/;core/src/object/kids/;core/src/mymath/;core/src/field/;core/src/effect/;core/src/settings/;cons/;core/src/simulation/;graphic/;graphic/etc/;graphic/src/;" />
		<Build>
			<Target title="all">
				<Option type="4" />
				<Option compiler="gcc" />
				<Compiler>
					<Add option="-O2" />
				</Compiler>
				<Linker>
					<Add option="-s" />
				</Linker>
			</Target>
			<Target title="libcore">
				<Option output="vcore" prefix_auto="1" extension_auto="1" />
				<Option type="3" />
				<Option compiler="gcc" />
				<Option createDefFile="1" />
				<Option createStaticLib="1" />
			</Target>
			<Target title="cons">
				<Option output="cons/vemc2_nogui" prefix_auto="1" extension_auto="1" />
				<Option type="1" />
				<Option compiler="gcc" />
				<Option use_console_runner="0" />
			</Target>
			<Target title="graphic">
				<Option output="vemc" prefix_auto="1" extension_auto="1" />
				<Option type="3" />
				<Option compiler="gcc" />
				<Option createDefFile="1" />
				<Option createStaticLib="1" />
			</Target>
		</Build>
		<Compiler>
			<Add option="-Wall" />
		</Compiler>
		<Unit filename="Makefile">
			<Option virtualFolder="core/etc/" />
			<Option target="all" />
		</Unit>
		<Unit filename="cons/includesfm.h">
			<Option virtualFolder="cons/" />
			<Option target="all" />
			<Option target="cons" />
		</Unit>
		<Unit filename="cons/main.cpp">
			<Option virtualFolder="cons/" />
			<Option target="all" />
			<Option target="cons" />
		</Unit>
		<Unit filename="core/Makefile">
			<Option virtualFolder="etc/" />
			<Option target="all" />
			<Option target="libcore" />
		</Unit>
		<Unit filename="core/define.h">
			<Option virtualFolder="core/src/" />
			<Option target="all" />
			<Option target="libcore" />
		</Unit>
		<Unit filename="core/effect/effect.cpp">
			<Option virtualFolder="core/src/effect/" />
			<Option target="all" />
			<Option target="libcore" />
		</Unit>
		<Unit filename="core/effect/effect.h">
			<Option virtualFolder="core/src/effect/" />
			<Option target="all" />
			<Option target="libcore" />
		</Unit>
		<Unit filename="core/effect/gravitation.cpp">
			<Option virtualFolder="core/src/effect/" />
			<Option target="all" />
			<Option target="libcore" />
		</Unit>
		<Unit filename="core/effect/gravitation.h">
			<Option virtualFolder="core/src/effect/" />
			<Option target="all" />
			<Option target="libcore" />
		</Unit>
		<Unit filename="core/effect/inertia.cpp">
			<Option virtualFolder="core/src/effect/" />
			<Option target="all" />
			<Option target="libcore" />
		</Unit>
		<Unit filename="core/effect/inertia.h">
			<Option virtualFolder="core/src/effect/" />
			<Option target="all" />
			<Option target="libcore" />
		</Unit>
		<Unit filename="core/field/Efield.cpp">
			<Option virtualFolder="core/src/field/" />
			<Option target="all" />
			<Option target="libcore" />
		</Unit>
		<Unit filename="core/field/Efield.h">
			<Option virtualFolder="core/src/field/" />
			<Option target="all" />
			<Option target="libcore" />
		</Unit>
		<Unit filename="core/field/Gfield.cpp">
			<Option virtualFolder="core/src/field/" />
			<Option target="all" />
			<Option target="libcore" />
		</Unit>
		<Unit filename="core/field/Gfield.h">
			<Option virtualFolder="core/src/field/" />
			<Option target="all" />
			<Option target="libcore" />
		</Unit>
		<Unit filename="core/field/field.cpp">
			<Option virtualFolder="core/src/field/" />
			<Option target="all" />
			<Option target="libcore" />
		</Unit>
		<Unit filename="core/field/field.h">
			<Option virtualFolder="core/src/field/" />
			<Option target="all" />
			<Option target="libcore" />
		</Unit>
		<Unit filename="core/myMath.h">
			<Option virtualFolder="core/src/mymath/" />
			<Option target="all" />
			<Option target="libcore" />
		</Unit>
		<Unit filename="core/mymath/eld.cpp">
			<Option virtualFolder="core/src/mymath/" />
			<Option target="all" />
			<Option target="libcore" />
		</Unit>
		<Unit filename="core/mymath/eld.h">
			<Option virtualFolder="core/src/mymath/" />
			<Option target="all" />
			<Option target="libcore" />
		</Unit>
		<Unit filename="core/mymath/math_struct.h">
			<Option virtualFolder="core/src/mymath/" />
			<Option target="all" />
			<Option target="libcore" />
		</Unit>
		<Unit filename="core/mymath/vector.cpp">
			<Option virtualFolder="core/src/mymath/" />
			<Option target="all" />
			<Option target="libcore" />
		</Unit>
		<Unit filename="core/mymath/vector.h">
			<Option virtualFolder="core/src/mymath/" />
			<Option target="all" />
			<Option target="libcore" />
		</Unit>
		<Unit filename="core/object/body.cpp">
			<Option virtualFolder="core/src/object/" />
			<Option target="all" />
			<Option target="libcore" />
		</Unit>
		<Unit filename="core/object/body.h">
			<Option virtualFolder="core/src/object/" />
			<Option target="all" />
			<Option target="libcore" />
		</Unit>
		<Unit filename="core/object/drawable.cpp">
			<Option virtualFolder="core/src/object/" />
			<Option target="all" />
			<Option target="libcore" />
		</Unit>
		<Unit filename="core/object/drawable.h">
			<Option virtualFolder="core/src/object/" />
			<Option target="all" />
			<Option target="libcore" />
		</Unit>
		<Unit filename="core/object/noobject.cpp">
			<Option virtualFolder="core/src/object/kids/" />
			<Option target="all" />
			<Option target="libcore" />
		</Unit>
		<Unit filename="core/object/noobject.h">
			<Option virtualFolder="core/src/object/kids/" />
			<Option target="all" />
			<Option target="libcore" />
		</Unit>
		<Unit filename="core/object/object.cpp">
			<Option virtualFolder="core/src/object/" />
			<Option target="all" />
			<Option target="libcore" />
		</Unit>
		<Unit filename="core/object/object.h">
			<Option virtualFolder="core/src/object/" />
			<Option target="all" />
			<Option target="libcore" />
		</Unit>
		<Unit filename="core/object/quant.cpp">
			<Option virtualFolder="core/src/object/kids/" />
			<Option target="all" />
			<Option target="libcore" />
		</Unit>
		<Unit filename="core/object/quant.h">
			<Option virtualFolder="core/src/object/kids/" />
			<Option target="all" />
			<Option target="libcore" />
		</Unit>
		<Unit filename="core/settings/ccs.cpp">
			<Option virtualFolder="core/src/settings/" />
			<Option target="all" />
			<Option target="libcore" />
		</Unit>
		<Unit filename="core/settings/settingdefines.h">
			<Option virtualFolder="core/src/settings/" />
			<Option target="all" />
			<Option target="libcore" />
		</Unit>
		<Unit filename="core/settings/settings.cpp">
			<Option virtualFolder="core/src/settings/" />
			<Option target="all" />
			<Option target="libcore" />
		</Unit>
		<Unit filename="core/settings/settings.h">
			<Option virtualFolder="core/src/settings/" />
			<Option target="all" />
			<Option target="libcore" />
		</Unit>
		<Unit filename="core/simulation.h">
			<Option virtualFolder="core/src/" />
			<Option target="all" />
			<Option target="libcore" />
		</Unit>
		<Unit filename="core/simulation/effectthread.cpp">
			<Option virtualFolder="core/src/simulation/" />
			<Option target="all" />
			<Option target="libcore" />
		</Unit>
		<Unit filename="core/simulation/effectthread.h">
			<Option virtualFolder="core/src/simulation/" />
			<Option target="all" />
			<Option target="libcore" />
		</Unit>
		<Unit filename="core/simulation/sim_thread.cpp">
			<Option virtualFolder="core/src/simulation/" />
			<Option target="all" />
			<Option target="libcore" />
		</Unit>
		<Unit filename="core/simulation/sim_thread.h">
			<Option virtualFolder="core/src/simulation/" />
			<Option target="all" />
			<Option target="libcore" />
		</Unit>
		<Unit filename="core/universe.cpp">
			<Option virtualFolder="core/src/universe/" />
			<Option target="all" />
			<Option target="libcore" />
		</Unit>
		<Unit filename="core/universe.h">
			<Option virtualFolder="core/src/universe/" />
			<Option target="all" />
			<Option target="libcore" />
		</Unit>
		<Unit filename="graphic/Makefile">
			<Option virtualFolder="graphic/etc/" />
			<Option target="all" />
			<Option target="graphic" />
		</Unit>
		<Unit filename="graphic/draws.cpp">
			<Option virtualFolder="graphic/src/" />
			<Option target="all" />
			<Option target="graphic" />
		</Unit>
		<Unit filename="graphic/draws.h">
			<Option virtualFolder="graphic/src/" />
			<Option target="all" />
			<Option target="graphic" />
		</Unit>
		<Unit filename="graphic/graphic.cpp">
			<Option virtualFolder="graphic/src/" />
			<Option target="all" />
			<Option target="graphic" />
		</Unit>
		<Unit filename="graphic/graphic.h">
			<Option virtualFolder="graphic/src/" />
			<Option target="all" />
			<Option target="graphic" />
		</Unit>
		<Unit filename="graphic/main.cpp">
			<Option virtualFolder="graphic/src/" />
			<Option target="all" />
			<Option target="graphic" />
		</Unit>
		<Extensions>
			<code_completion />
			<debugger />
			<envvars />
		</Extensions>
	</Project>
</CodeBlocks_project_file>
